schema: '2.0'
stages:
  data_ingestion:
    cmd: python src/CarPrediction/pipeline/stage01_data_ingestion.py
    deps:
    - path: config/config.yaml
      hash: md5
      md5: 4c4b1a65548bce71c1f91a664ab0bce4
      size: 576
    - path: src/CarPrediction/pipeline/stage01_data_ingestion.py
      hash: md5
      md5: 75da8e34a4dd965d962e4e25c23b6d13
      size: 894
    outs:
    - path: artifacts/data_ingestion/CleanedCar_main.csv
      hash: md5
      md5: d4531531ba0f7fd3bf50d5e4573211a3
      size: 41780
  data_validation:
    cmd: python src/CarPrediction/pipeline/stage02_data_validation.py
    deps:
    - path: src/CarPrediction/pipeline/stage01_data_ingestion.py
      hash: md5
      md5: 75da8e34a4dd965d962e4e25c23b6d13
      size: 894
    - path: src/CarPrediction/pipeline/stage02_data_validation.py
      hash: md5
      md5: 63b3914ed9518697d1903e079148efcc
      size: 869
    outs:
    - path: artifacts/data_validation/status.txt
      hash: md5
      md5: 86e6a2f694c57a675b3e2da6b95ff9ba
      size: 23
  data_transformation:
    cmd: python src/CarPrediction/pipeline/stage03_data_transformation.py
    deps:
    - path: src/CarPrediction/pipeline/stage01_data_ingestion.py
      hash: md5
      md5: 75da8e34a4dd965d962e4e25c23b6d13
      size: 894
    - path: src/CarPrediction/pipeline/stage03_data_transformation.py
      hash: md5
      md5: b9531d3c2c75f3135f95db88811f45f4
      size: 912
    outs:
    - path: artifacts/data_transformation/test.csv
      hash: md5
      md5: 86933d8daadb6239b8fe0a6af52e2cb0
      size: 10516
    - path: artifacts/data_transformation/train.csv
      hash: md5
      md5: 5ea208f24607e39f0b421f5d2424ab42
      size: 31310
